
Microsoft Visual Studio Solution File, Format Version 12.00
# Visual Studio Version 16
VisualStudioVersion = 16.0.29503.13
MinimumVisualStudioVersion = 10.0.40219.1
Project("{FAE04EC0-301F-11D3-BF4B-00C04F79EFBC}") = "InClassAssignment3", "InClassAssignment3\InClassAssignment3.csproj", "{46E0C91C-88FB-4F51-B532-222A87AD9DDB}"
EndProject
Global
	GlobalSection(SolutionConfigurationPlatforms) = preSolution
		Debug|Any CPU = Debug|Any CPU
		Release|Any CPU = Release|Any CPU
	EndGlobalSection
	GlobalSection(ProjectConfigurationPlatforms) = postSolution
		{46E0C91C-88FB-4F51-B532-222A87AD9DDB}.Debug|Any CPU.ActiveCfg = Debug|Any CPU
		{46E0C91C-88FB-4F51-B532-222A87AD9DDB}.Debug|Any CPU.Build.0 = Debug|Any CPU
		{46E0C91C-88FB-4F51-B532-222A87AD9DDB}.Release|Any CPU.ActiveCfg = Release|Any CPU
		{46E0C91C-88FB-4F51-B532-222A87AD9DDB}.Release|Any CPU.Build.0 = Release|Any CPU
	EndGlobalSection
	GlobalSection(SolutionProperties) = preSolution
		HideSolutionNode = FALSE
	EndGlobalSection
	GlobalSection(ExtensibilityGlobals) = postSolution
		SolutionGuid = {6974A95E-5C06-46D5-BF64-2E807E19C39E}
	EndGlobalSection
EndGlobal
